
Microsoft Visual Studio Solution File, Format Version 12.00
# Visual Studio Version 17
VisualStudioVersion = 17.2.32630.192
MinimumVisualStudioVersion = 10.0.40219.1
Project("{9A19103F-16F7-4668-BE54-9A1E7A4F7556}") = "CoreWCF.Benchmarks", "CoreWCF.Benchmarks\CoreWCF.Benchmarks.csproj", "{30A8EA4A-011B-469F-9C5A-BAEFB6FB4FCD}"
EndProject
Global
	GlobalSection(SolutionConfigurationPlatforms) = preSolution
		Debug|Any CPU = Debug|Any CPU
		Release|Any CPU = Release|Any CPU
	EndGlobalSection
	GlobalSection(ProjectConfigurationPlatforms) = postSolution
		{30A8EA4A-011B-469F-9C5A-BAEFB6FB4FCD}.Debug|Any CPU.ActiveCfg = Debug|Any CPU
		{30A8EA4A-011B-469F-9C5A-BAEFB6FB4FCD}.Debug|Any CPU.Build.0 = Debug|Any CPU
		{30A8EA4A-011B-469F-9C5A-BAEFB6FB4FCD}.Release|Any CPU.ActiveCfg = Release|Any CPU
		{30A8EA4A-011B-469F-9C5A-BAEFB6FB4FCD}.Release|Any CPU.Build.0 = Release|Any CPU
	EndGlobalSection
	GlobalSection(SolutionProperties) = preSolution
		HideSolutionNode = FALSE
	EndGlobalSection
	GlobalSection(ExtensibilityGlobals) = postSolution
		SolutionGuid = {D34F464C-1E44-411B-9D2B-732C8CFE9AEA}
	EndGlobalSection
EndGlobal
